
Microsoft Visual Studio Solution File, Format Version 12.00
# Visual Studio Version 16
VisualStudioVersion = 16.0.31729.503
MinimumVisualStudioVersion = 10.0.40219.1
Project("{9A19103F-16F7-4668-BE54-9A1E7A4F7556}") = "Tetris", "Tetris.csproj", "{79D16B30-0934-4B00-B69B-559DDE61CEBA}"
EndProject
Global
	GlobalSection(SolutionConfigurationPlatforms) = preSolution
		Debug|Any CPU = Debug|Any CPU
		Release|Any CPU = Release|Any CPU
	EndGlobalSection
	GlobalSection(ProjectConfigurationPlatforms) = postSolution
		{79D16B30-0934-4B00-B69B-559DDE61CEBA}.Debug|Any CPU.ActiveCfg = Debug|Any CPU
		{79D16B30-0934-4B00-B69B-559DDE61CEBA}.Debug|Any CPU.Build.0 = Debug|Any CPU
		{79D16B30-0934-4B00-B69B-559DDE61CEBA}.Release|Any CPU.ActiveCfg = Release|Any CPU
		{79D16B30-0934-4B00-B69B-559DDE61CEBA}.Release|Any CPU.Build.0 = Release|Any CPU
	EndGlobalSection
	GlobalSection(SolutionProperties) = preSolution
		HideSolutionNode = FALSE
	EndGlobalSection
	GlobalSection(ExtensibilityGlobals) = postSolution
		SolutionGuid = {6EF117E9-2AC1-4691-B11B-BA323957622F}
	EndGlobalSection
EndGlobal
